
Microsoft Visual Studio Solution File, Format Version 12.00
# Visual Studio Version 17
VisualStudioVersion = 17.6.33815.320
MinimumVisualStudioVersion = 10.0.40219.1
Project("{FAE04EC0-301F-11D3-BF4B-00C04F79EFBC}") = "meteo v2", "meteo v2\meteo v2.csproj", "{A76F3207-B6BF-496E-B77C-875A4E49DEB1}"
EndProject
Global
	GlobalSection(SolutionConfigurationPlatforms) = preSolution
		Debug|Any CPU = Debug|Any CPU
		Release|Any CPU = Release|Any CPU
	EndGlobalSection
	GlobalSection(ProjectConfigurationPlatforms) = postSolution
		{A76F3207-B6BF-496E-B77C-875A4E49DEB1}.Debug|Any CPU.ActiveCfg = Debug|Any CPU
		{A76F3207-B6BF-496E-B77C-875A4E49DEB1}.Debug|Any CPU.Build.0 = Debug|Any CPU
		{A76F3207-B6BF-496E-B77C-875A4E49DEB1}.Release|Any CPU.ActiveCfg = Release|Any CPU
		{A76F3207-B6BF-496E-B77C-875A4E49DEB1}.Release|Any CPU.Build.0 = Release|Any CPU
	EndGlobalSection
	GlobalSection(SolutionProperties) = preSolution
		HideSolutionNode = FALSE
	EndGlobalSection
	GlobalSection(ExtensibilityGlobals) = postSolution
		SolutionGuid = {0D7F95BC-09F8-4234-AAF8-D37809A03297}
	EndGlobalSection
EndGlobal
